
Microsoft Visual Studio Solution File, Format Version 12.00
# Visual Studio Version 17
VisualStudioVersion = 17.0.31903.59
MinimumVisualStudioVersion = 10.0.40219.1
Project("{2150E333-8FDC-42A3-9474-1A3956D46DE8}") = "src", "src", "{827E0CD3-B72D-47B6-A68D-7590B98EB39B}"
EndProject
Project("{FAE04EC0-301F-11D3-BF4B-00C04F79EFBC}") = "Gridiron.Engine", "src\Gridiron.Engine\Gridiron.Engine.csproj", "{E87DBC7D-43C7-42A1-84AF-FC8EF8B4173C}"
EndProject
Project("{2150E333-8FDC-42A3-9474-1A3956D46DE8}") = "tests", "tests", "{0AB3BF05-4346-4AA6-1389-037BE0695223}"
EndProject
Project("{FAE04EC0-301F-11D3-BF4B-00C04F79EFBC}") = "Gridiron.Engine.Tests", "tests\Gridiron.Engine.Tests\Gridiron.Engine.Tests.csproj", "{1E43E436-E0A2-41D2-8CCB-3CF87FDDE6B1}"
EndProject
Project("{FAE04EC0-301F-11D3-BF4B-00C04F79EFBC}") = "Diagram", "src\Diagram\Diagram.csproj", "{881DF274-42CB-4F4A-A8C8-0508D3D4C61A}"
EndProject
Project("{FAE04EC0-301F-11D3-BF4B-00C04F79EFBC}") = "Gridiron.Validator", "src\Gridiron.Validator\Gridiron.Validator.csproj", "{2D7C8B52-E03F-44E5-BA29-7C868AED9A14}"
EndProject
Global
	GlobalSection(SolutionConfigurationPlatforms) = preSolution
		Debug|Any CPU = Debug|Any CPU
		Debug|x64 = Debug|x64
		Debug|x86 = Debug|x86
		Release|Any CPU = Release|Any CPU
		Release|x64 = Release|x64
		Release|x86 = Release|x86
	EndGlobalSection
	GlobalSection(ProjectConfigurationPlatforms) = postSolution
		{E87DBC7D-43C7-42A1-84AF-FC8EF8B4173C}.Debug|Any CPU.ActiveCfg = Debug|Any CPU
		{E87DBC7D-43C7-42A1-84AF-FC8EF8B4173C}.Debug|Any CPU.Build.0 = Debug|Any CPU
		{E87DBC7D-43C7-42A1-84AF-FC8EF8B4173C}.Debug|x64.ActiveCfg = Debug|Any CPU
		{E87DBC7D-43C7-42A1-84AF-FC8EF8B4173C}.Debug|x64.Build.0 = Debug|Any CPU
		{E87DBC7D-43C7-42A1-84AF-FC8EF8B4173C}.Debug|x86.ActiveCfg = Debug|Any CPU
		{E87DBC7D-43C7-42A1-84AF-FC8EF8B4173C}.Debug|x86.Build.0 = Debug|Any CPU
		{E87DBC7D-43C7-42A1-84AF-FC8EF8B4173C}.Release|Any CPU.ActiveCfg = Release|Any CPU
		{E87DBC7D-43C7-42A1-84AF-FC8EF8B4173C}.Release|Any CPU.Build.0 = Release|Any CPU
		{E87DBC7D-43C7-42A1-84AF-FC8EF8B4173C}.Release|x64.ActiveCfg = Release|Any CPU
		{E87DBC7D-43C7-42A1-84AF-FC8EF8B4173C}.Release|x64.Build.0 = Release|Any CPU
		{E87DBC7D-43C7-42A1-84AF-FC8EF8B4173C}.Release|x86.ActiveCfg = Release|Any CPU
		{E87DBC7D-43C7-42A1-84AF-FC8EF8B4173C}.Release|x86.Build.0 = Release|Any CPU
		{1E43E436-E0A2-41D2-8CCB-3CF87FDDE6B1}.Debug|Any CPU.ActiveCfg = Debug|Any CPU
		{1E43E436-E0A2-41D2-8CCB-3CF87FDDE6B1}.Debug|Any CPU.Build.0 = Debug|Any CPU
		{1E43E436-E0A2-41D2-8CCB-3CF87FDDE6B1}.Debug|x64.ActiveCfg = Debug|Any CPU
		{1E43E436-E0A2-41D2-8CCB-3CF87FDDE6B1}.Debug|x64.Build.0 = Debug|Any CPU
		{1E43E436-E0A2-41D2-8CCB-3CF87FDDE6B1}.Debug|x86.ActiveCfg = Debug|Any CPU
		{1E43E436-E0A2-41D2-8CCB-3CF87FDDE6B1}.Debug|x86.Build.0 = Debug|Any CPU
		{1E43E436-E0A2-41D2-8CCB-3CF87FDDE6B1}.Release|Any CPU.ActiveCfg = Release|Any CPU
		{1E43E436-E0A2-41D2-8CCB-3CF87FDDE6B1}.Release|Any CPU.Build.0 = Release|Any CPU
		{1E43E436-E0A2-41D2-8CCB-3CF87FDDE6B1}.Release|x64.ActiveCfg = Release|Any CPU
		{1E43E436-E0A2-41D2-8CCB-3CF87FDDE6B1}.Release|x64.Build.0 = Release|Any CPU
		{1E43E436-E0A2-41D2-8CCB-3CF87FDDE6B1}.Release|x86.ActiveCfg = Release|Any CPU
		{1E43E436-E0A2-41D2-8CCB-3CF87FDDE6B1}.Release|x86.Build.0 = Release|Any CPU
		{881DF274-42CB-4F4A-A8C8-0508D3D4C61A}.Debug|Any CPU.ActiveCfg = Debug|Any CPU
		{881DF274-42CB-4F4A-A8C8-0508D3D4C61A}.Debug|Any CPU.Build.0 = Debug|Any CPU
		{881DF274-42CB-4F4A-A8C8-0508D3D4C61A}.Debug|x64.ActiveCfg = Debug|Any CPU
		{881DF274-42CB-4F4A-A8C8-0508D3D4C61A}.Debug|x64.Build.0 = Debug|Any CPU
		{881DF274-42CB-4F4A-A8C8-0508D3D4C61A}.Debug|x86.ActiveCfg = Debug|Any CPU
		{881DF274-42CB-4F4A-A8C8-0508D3D4C61A}.Debug|x86.Build.0 = Debug|Any CPU
		{881DF274-42CB-4F4A-A8C8-0508D3D4C61A}.Release|Any CPU.ActiveCfg = Release|Any CPU
		{881DF274-42CB-4F4A-A8C8-0508D3D4C61A}.Release|Any CPU.Build.0 = Release|Any CPU
		{881DF274-42CB-4F4A-A8C8-0508D3D4C61A}.Release|x64.ActiveCfg = Release|Any CPU
		{881DF274-42CB-4F4A-A8C8-0508D3D4C61A}.Release|x64.Build.0 = Release|Any CPU
		{881DF274-42CB-4F4A-A8C8-0508D3D4C61A}.Release|x86.ActiveCfg = Release|Any CPU
		{881DF274-42CB-4F4A-A8C8-0508D3D4C61A}.Release|x86.Build.0 = Release|Any CPU
		{2D7C8B52-E03F-44E5-BA29-7C868AED9A14}.Debug|Any CPU.ActiveCfg = Debug|Any CPU
		{2D7C8B52-E03F-44E5-BA29-7C868AED9A14}.Debug|Any CPU.Build.0 = Debug|Any CPU
		{2D7C8B52-E03F-44E5-BA29-7C868AED9A14}.Debug|x64.ActiveCfg = Debug|Any CPU
		{2D7C8B52-E03F-44E5-BA29-7C868AED9A14}.Debug|x64.Build.0 = Debug|Any CPU
		{2D7C8B52-E03F-44E5-BA29-7C868AED9A14}.Debug|x86.ActiveCfg = Debug|Any CPU
		{2D7C8B52-E03F-44E5-BA29-7C868AED9A14}.Debug|x86.Build.0 = Debug|Any CPU
		{2D7C8B52-E03F-44E5-BA29-7C868AED9A14}.Release|Any CPU.ActiveCfg = Release|Any CPU
		{2D7C8B52-E03F-44E5-BA29-7C868AED9A14}.Release|Any CPU.Build.0 = Release|Any CPU
		{2D7C8B52-E03F-44E5-BA29-7C868AED9A14}.Release|x64.ActiveCfg = Release|Any CPU
		{2D7C8B52-E03F-44E5-BA29-7C868AED9A14}.Release|x64.Build.0 = Release|Any CPU
		{2D7C8B52-E03F-44E5-BA29-7C868AED9A14}.Release|x86.ActiveCfg = Release|Any CPU
		{2D7C8B52-E03F-44E5-BA29-7C868AED9A14}.Release|x86.Build.0 = Release|Any CPU
	EndGlobalSection
	GlobalSection(SolutionProperties) = preSolution
		HideSolutionNode = FALSE
	EndGlobalSection
	GlobalSection(NestedProjects) = preSolution
		{E87DBC7D-43C7-42A1-84AF-FC8EF8B4173C} = {827E0CD3-B72D-47B6-A68D-7590B98EB39B}
		{1E43E436-E0A2-41D2-8CCB-3CF87FDDE6B1} = {0AB3BF05-4346-4AA6-1389-037BE0695223}
		{881DF274-42CB-4F4A-A8C8-0508D3D4C61A} = {827E0CD3-B72D-47B6-A68D-7590B98EB39B}
		{2D7C8B52-E03F-44E5-BA29-7C868AED9A14} = {827E0CD3-B72D-47B6-A68D-7590B98EB39B}
	EndGlobalSection
EndGlobal
